// !$*UTF8*$!
{
	archiveVersion = 1;
	classes = {
	};
	objectVersion = 77;
	objects = {

/* Begin PBXBuildFile section */
		7C9DE9D62EC6EC4F007A18F6 /* ModelsKit in Frameworks */ = {isa = PBXBuildFile; productRef = 7C9DE9D52EC6EC4F007A18F6 /* ModelsKit */; };
		7CA3B45E2EC1E41F00AED7E4 /* APIClient in Frameworks */ = {isa = PBXBuildFile; productRef = 7CA3B45D2EC1E41F00AED7E4 /* APIClient */; };
		7CA3B4612EC1E43700AED7E4 /* DesignKit in Frameworks */ = {isa = PBXBuildFile; productRef = 7CA3B4602EC1E43700AED7E4 /* DesignKit */; };
		7CA3B4642EC1E46000AED7E4 /* LoginKit in Frameworks */ = {isa = PBXBuildFile; productRef = 7CA3B4632EC1E46000AED7E4 /* LoginKit */; };
		7CA3B4672EC1E4A100AED7E4 /* LoginKit in Frameworks */ = {isa = PBXBuildFile; productRef = 7CA3B4662EC1E4A100AED7E4 /* LoginKit */; };
/* End PBXBuildFile section */

/* Begin PBXContainerItemProxy section */
		7CA3B4332EC1E3AA00AED7E4 /* PBXContainerItemProxy */ = {
			isa = PBXContainerItemProxy;
			containerPortal = 7CA3B41C2EC1E3A900AED7E4 /* Project object */;
			proxyType = 1;
			remoteGlobalIDString = 7CA3B4232EC1E3A900AED7E4;
			remoteInfo = CleanModules;
		};
		7CA3B43D2EC1E3AA00AED7E4 /* PBXContainerItemProxy */ = {
			isa = PBXContainerItemProxy;
			containerPortal = 7CA3B41C2EC1E3A900AED7E4 /* Project object */;
			proxyType = 1;
			remoteGlobalIDString = 7CA3B4232EC1E3A900AED7E4;
			remoteInfo = CleanModules;
		};
/* End PBXContainerItemProxy section */

/* Begin PBXFileReference section */
		7CA3B4242EC1E3A900AED7E4 /* CleanModules.app */ = {isa = PBXFileReference; explicitFileType = wrapper.application; includeInIndex = 0; path = CleanModules.app; sourceTree = BUILT_PRODUCTS_DIR; };
		7CA3B4322EC1E3AA00AED7E4 /* CleanModulesTests.xctest */ = {isa = PBXFileReference; explicitFileType = wrapper.cfbundle; includeInIndex = 0; path = CleanModulesTests.xctest; sourceTree = BUILT_PRODUCTS_DIR; };
		7CA3B43C2EC1E3AA00AED7E4 /* CleanModulesUITests.xctest */ = {isa = PBXFileReference; explicitFileType = wrapper.cfbundle; includeInIndex = 0; path = CleanModulesUITests.xctest; sourceTree = BUILT_PRODUCTS_DIR; };
/* End PBXFileReference section */

/* Begin PBXFileSystemSynchronizedRootGroup section */
		7CA3B4262EC1E3A900AED7E4 /* CleanModules */ = {
			isa = PBXFileSystemSynchronizedRootGroup;
			path = CleanModules;
			sourceTree = "<group>";
		};
		7CA3B4352EC1E3AA00AED7E4 /* CleanModulesTests */ = {
			isa = PBXFileSystemSynchronizedRootGroup;
			path = CleanModulesTests;
			sourceTree = "<group>";
		};
		7CA3B43F2EC1E3AA00AED7E4 /* CleanModulesUITests */ = {
			isa = PBXFileSystemSynchronizedRootGroup;
			path = CleanModulesUITests;
			sourceTree = "<group>";
		};
/* End PBXFileSystemSynchronizedRootGroup section */

/* Begin PBXFrameworksBuildPhase section */
		7CA3B4212EC1E3A900AED7E4 /* Frameworks */ = {
			isa = PBXFrameworksBuildPhase;
			buildActionMask = 2147483647;
			files = (
				7C9DE9D62EC6EC4F007A18F6 /* ModelsKit in Frameworks */,
				7CA3B45E2EC1E41F00AED7E4 /* APIClient in Frameworks */,
				7CA3B4672EC1E4A100AED7E4 /* LoginKit in Frameworks */,
				7CA3B4612EC1E43700AED7E4 /* DesignKit in Frameworks */,
				7CA3B4642EC1E46000AED7E4 /* LoginKit in Frameworks */,
			);
			runOnlyForDeploymentPostprocessing = 0;
		};
		7CA3B42F2EC1E3AA00AED7E4 /* Frameworks */ = {
			isa = PBXFrameworksBuildPhase;
			buildActionMask = 2147483647;
			files = (
			);
			runOnlyForDeploymentPostprocessing = 0;
		};
		7CA3B4392EC1E3AA00AED7E4 /* Frameworks */ = {
			isa = PBXFrameworksBuildPhase;
			buildActionMask = 2147483647;
			files = (
			);
			runOnlyForDeploymentPostprocessing = 0;
		};
/* End PBXFrameworksBuildPhase section */

/* Begin PBXGroup section */
		7CA3B41B2EC1E3A900AED7E4 = {
			isa = PBXGroup;
			children = (
				7CA3B4262EC1E3A900AED7E4 /* CleanModules */,
				7CA3B4352EC1E3AA00AED7E4 /* CleanModulesTests */,
				7CA3B43F2EC1E3AA00AED7E4 /* CleanModulesUITests */,
				7CA3B4252EC1E3A900AED7E4 /* Products */,
			);
			sourceTree = "<group>";
		};
		7CA3B4252EC1E3A900AED7E4 /* Products */ = {
			isa = PBXGroup;
			children = (
				7CA3B4242EC1E3A900AED7E4 /* CleanModules.app */,
				7CA3B4322EC1E3AA00AED7E4 /* CleanModulesTests.xctest */,
				7CA3B43C2EC1E3AA00AED7E4 /* CleanModulesUITests.xctest */,
			);
			name = Products;
			sourceTree = "<group>";
		};
/* End PBXGroup section */

/* Begin PBXNativeTarget section */
		7CA3B4232EC1E3A900AED7E4 /* CleanModules */ = {
			isa = PBXNativeTarget;
			buildConfigurationList = 7CA3B4462EC1E3AA00AED7E4 /* Build configuration list for PBXNativeTarget "CleanModules" */;
			buildPhases = (
				7CA3B4202EC1E3A900AED7E4 /* Sources */,
				7CA3B4212EC1E3A900AED7E4 /* Frameworks */,
				7CA3B4222EC1E3A900AED7E4 /* Resources */,
			);
			buildRules = (
			);
			dependencies = (
			);
			fileSystemSynchronizedGroups = (
				7CA3B4262EC1E3A900AED7E4 /* CleanModules */,
			);
			name = CleanModules;
			packageProductDependencies = (
				7CA3B45D2EC1E41F00AED7E4 /* APIClient */,
				7CA3B4602EC1E43700AED7E4 /* DesignKit */,
				7CA3B4632EC1E46000AED7E4 /* LoginKit */,
				7CA3B4662EC1E4A100AED7E4 /* LoginKit */,
				7C9DE9D52EC6EC4F007A18F6 /* ModelsKit */,
			);
			productName = CleanModules;
			productReference = 7CA3B4242EC1E3A900AED7E4 /* CleanModules.app */;
			productType = "com.apple.product-type.application";
		};
		7CA3B4312EC1E3AA00AED7E4 /* CleanModulesTests */ = {
			isa = PBXNativeTarget;
			buildConfigurationList = 7CA3B4492EC1E3AA00AED7E4 /* Build configuration list for PBXNativeTarget "CleanModulesTests" */;
			buildPhases = (
				7CA3B42E2EC1E3AA00AED7E4 /* Sources */,
				7CA3B42F2EC1E3AA00AED7E4 /* Frameworks */,
				7CA3B4302EC1E3AA00AED7E4 /* Resources */,
			);
			buildRules = (
			);
			dependencies = (
				7CA3B4342EC1E3AA00AED7E4 /* PBXTargetDependency */,
			);
			fileSystemSynchronizedGroups = (
				7CA3B4352EC1E3AA00AED7E4 /* CleanModulesTests */,
			);
			name = CleanModulesTests;
			packageProductDependencies = (
			);
			productName = CleanModulesTests;
			productReference = 7CA3B4322EC1E3AA00AED7E4 /* CleanModulesTests.xctest */;
			productType = "com.apple.product-type.bundle.unit-test";
		};
		7CA3B43B2EC1E3AA00AED7E4 /* CleanModulesUITests */ = {
			isa = PBXNativeTarget;
			buildConfigurationList = 7CA3B44C2EC1E3AA00AED7E4 /* Build configuration list for PBXNativeTarget "CleanModulesUITests" */;
			buildPhases = (
				7CA3B4382EC1E3AA00AED7E4 /* Sources */,
				7CA3B4392EC1E3AA00AED7E4 /* Frameworks */,
				7CA3B43A2EC1E3AA00AED7E4 /* Resources */,
			);
			buildRules = (
			);
			dependencies = (
				7CA3B43E2EC1E3AA00AED7E4 /* PBXTargetDependency */,
			);
			fileSystemSynchronizedGroups = (
				7CA3B43F2EC1E3AA00AED7E4 /* CleanModulesUITests */,
			);
			name = CleanModulesUITests;
			packageProductDependencies = (
			);
			productName = CleanModulesUITests;
			productReference = 7CA3B43C2EC1E3AA00AED7E4 /* CleanModulesUITests.xctest */;
			productType = "com.apple.product-type.bundle.ui-testing";
		};
/* End PBXNativeTarget section */

/* Begin PBXProject section */
		7CA3B41C2EC1E3A900AED7E4 /* Project object */ = {
			isa = PBXProject;
			attributes = {
				BuildIndependentTargetsInParallel = 1;
				LastSwiftUpdateCheck = 1640;
				LastUpgradeCheck = 1640;
				TargetAttributes = {
					7CA3B4232EC1E3A900AED7E4 = {
						CreatedOnToolsVersion = 16.4;
					};
					7CA3B4312EC1E3AA00AED7E4 = {
						CreatedOnToolsVersion = 16.4;
						TestTargetID = 7CA3B4232EC1E3A900AED7E4;
					};
					7CA3B43B2EC1E3AA00AED7E4 = {
						CreatedOnToolsVersion = 16.4;
						TestTargetID = 7CA3B4232EC1E3A900AED7E4;
					};
				};
			};
			buildConfigurationList = 7CA3B41F2EC1E3A900AED7E4 /* Build configuration list for PBXProject "CleanModules" */;
			developmentRegion = en;
			hasScannedForEncodings = 0;
			knownRegions = (
				en,
				Base,
			);
			mainGroup = 7CA3B41B2EC1E3A900AED7E4;
			minimizedProjectReferenceProxies = 1;
			packageReferences = (
				7CA3B45C2EC1E41F00AED7E4 /* XCLocalSwiftPackageReference "../SwiftAPIClient" */,
				7CA3B45F2EC1E43700AED7E4 /* XCLocalSwiftPackageReference "../DesignKit" */,
				7CA3B4652EC1E4A100AED7E4 /* XCLocalSwiftPackageReference "../LoginKit" */,
				7C9DE9D42EC6EC4F007A18F6 /* XCLocalSwiftPackageReference "../ModelsKit" */,
			);
			preferredProjectObjectVersion = 77;
			productRefGroup = 7CA3B4252EC1E3A900AED7E4 /* Products */;
			projectDirPath = "";
			projectRoot = "";
			targets = (
				7CA3B4232EC1E3A900AED7E4 /* CleanModules */,
				7CA3B4312EC1E3AA00AED7E4 /* CleanModulesTests */,
				7CA3B43B2EC1E3AA00AED7E4 /* CleanModulesUITests */,
			);
		};
/* End PBXProject section */

/* Begin PBXResourcesBuildPhase section */
		7CA3B4222EC1E3A900AED7E4 /* Resources */ = {
			isa = PBXResourcesBuildPhase;
			buildActionMask = 2147483647;
			files = (
			);
			runOnlyForDeploymentPostprocessing = 0;
		};
		7CA3B4302EC1E3AA00AED7E4 /* Resources */ = {
			isa = PBXResourcesBuildPhase;
			buildActionMask = 2147483647;
			files = (
			);
			runOnlyForDeploymentPostprocessing = 0;
		};
		7CA3B43A2EC1E3AA00AED7E4 /* Resources */ = {
			isa = PBXResourcesBuildPhase;
			buildActionMask = 2147483647;
			files = (
			);
			runOnlyForDeploymentPostprocessing = 0;
		};
/* End PBXResourcesBuildPhase section */

/* Begin PBXSourcesBuildPhase section */
		7CA3B4202EC1E3A900AED7E4 /* Sources */ = {
			isa = PBXSourcesBuildPhase;
			buildActionMask = 2147483647;
			files = (
			);
			runOnlyForDeploymentPostprocessing = 0;
		};
		7CA3B42E2EC1E3AA00AED7E4 /* Sources */ = {
			isa = PBXSourcesBuildPhase;
			buildActionMask = 2147483647;
			files = (
			);
			runOnlyForDeploymentPostprocessing = 0;
		};
		7CA3B4382EC1E3AA00AED7E4 /* Sources */ = {
			isa = PBXSourcesBuildPhase;
			buildActionMask = 2147483647;
			files = (
			);
			runOnlyForDeploymentPostprocessing = 0;
		};
/* End PBXSourcesBuildPhase section */

/* Begin PBXTargetDependency section */
		7CA3B4342EC1E3AA00AED7E4 /* PBXTargetDependency */ = {
			isa = PBXTargetDependency;
			target = 7CA3B4232EC1E3A900AED7E4 /* CleanModules */;
			targetProxy = 7CA3B4332EC1E3AA00AED7E4 /* PBXContainerItemProxy */;
		};
		7CA3B43E2EC1E3AA00AED7E4 /* PBXTargetDependency */ = {
			isa = PBXTargetDependency;
			target = 7CA3B4232EC1E3A900AED7E4 /* CleanModules */;
			targetProxy = 7CA3B43D2EC1E3AA00AED7E4 /* PBXContainerItemProxy */;
		};
/* End PBXTargetDependency section */

/* Begin XCBuildConfiguration section */
		7CA3B4442EC1E3AA00AED7E4 /* Debug */ = {
			isa = XCBuildConfiguration;
			buildSettings = {
				ALWAYS_SEARCH_USER_PATHS = NO;
				ASSETCATALOG_COMPILER_GENERATE_SWIFT_ASSET_SYMBOL_EXTENSIONS = YES;
				CLANG_ANALYZER_NONNULL = YES;
				CLANG_ANALYZER_NUMBER_OBJECT_CONVERSION = YES_AGGRESSIVE;
				CLANG_CXX_LANGUAGE_STANDARD = "gnu++20";
				CLANG_ENABLE_MODULES = YES;
				CLANG_ENABLE_OBJC_ARC = YES;
				CLANG_ENABLE_OBJC_WEAK = YES;
				CLANG_WARN_BLOCK_CAPTURE_AUTORELEASING = YES;
				CLANG_WARN_BOOL_CONVERSION = YES;
				CLANG_WARN_COMMA = YES;
				CLANG_WARN_CONSTANT_CONVERSION = YES;
				CLANG_WARN_DEPRECATED_OBJC_IMPLEMENTATIONS = YES;
				CLANG_WARN_DIRECT_OBJC_ISA_USAGE = YES_ERROR;
				CLANG_WARN_DOCUMENTATION_COMMENTS = YES;
				CLANG_WARN_EMPTY_BODY = YES;
				CLANG_WARN_ENUM_CONVERSION = YES;
				CLANG_WARN_INFINITE_RECURSION = YES;
				CLANG_WARN_INT_CONVERSION = YES;
				CLANG_WARN_NON_LITERAL_NULL_CONVERSION = YES;
				CLANG_WARN_OBJC_IMPLICIT_RETAIN_SELF = YES;
				CLANG_WARN_OBJC_LITERAL_CONVERSION = YES;
				CLANG_WARN_OBJC_ROOT_CLASS = YES_ERROR;
				CLANG_WARN_QUOTED_INCLUDE_IN_FRAMEWORK_HEADER = YES;
				CLANG_WARN_RANGE_LOOP_ANALYSIS = YES;
				CLANG_WARN_STRICT_PROTOTYPES = YES;
				CLANG_WARN_SUSPICIOUS_MOVE = YES;
				CLANG_WARN_UNGUARDED_AVAILABILITY = YES_AGGRESSIVE;
				CLANG_WARN_UNREACHABLE_CODE = YES;
				CLANG_WARN__DUPLICATE_METHOD_MATCH = YES;
				COPY_PHASE_STRIP = NO;
				DEBUG_INFORMATION_FORMAT = dwarf;
				DEVELOPMENT_TEAM = 7WFUJ69Z6B;
				ENABLE_STRICT_OBJC_MSGSEND = YES;
				ENABLE_TESTABILITY = YES;
				ENABLE_USER_SCRIPT_SANDBOXING = YES;
				GCC_C_LANGUAGE_STANDARD = gnu17;
				GCC_DYNAMIC_NO_PIC = NO;
				GCC_NO_COMMON_BLOCKS = YES;
				GCC_OPTIMIZATION_LEVEL = 0;
				GCC_PREPROCESSOR_DEFINITIONS = (
					"DEBUG=1",
					"$(inherited)",
				);
				GCC_WARN_64_TO_32_BIT_CONVERSION = YES;
				GCC_WARN_ABOUT_RETURN_TYPE = YES_ERROR;
				GCC_WARN_UNDECLARED_SELECTOR = YES;
				GCC_WARN_UNINITIALIZED_AUTOS = YES_AGGRESSIVE;
				GCC_WARN_UNUSED_FUNCTION = YES;
				GCC_WARN_UNUSED_VARIABLE = YES;
				LOCALIZATION_PREFERS_STRING_CATALOGS = YES;
				MTL_ENABLE_DEBUG_INFO = INCLUDE_SOURCE;
				MTL_FAST_MATH = YES;
				ONLY_ACTIVE_ARCH = YES;
				SWIFT_ACTIVE_COMPILATION_CONDITIONS = "DEBUG $(inherited)";
				SWIFT_OPTIMIZATION_LEVEL = "-Onone";
			};
			name = Debug;
		};
		7CA3B4452EC1E3AA00AED7E4 /* Release */ = {
			isa = XCBuildConfiguration;
			buildSettings = {
				ALWAYS_SEARCH_USER_PATHS = NO;
				ASSETCATALOG_COMPILER_GENERATE_SWIFT_ASSET_SYMBOL_EXTENSIONS = YES;
				CLANG_ANALYZER_NONNULL = YES;
				CLANG_ANALYZER_NUMBER_OBJECT_CONVERSION = YES_AGGRESSIVE;
				CLANG_CXX_LANGUAGE_STANDARD = "gnu++20";
				CLANG_ENABLE_MODULES = YES;
				CLANG_ENABLE_OBJC_ARC = YES;
				CLANG_ENABLE_OBJC_WEAK = YES;
				CLANG_WARN_BLOCK_CAPTURE_AUTORELEASING = YES;
				CLANG_WARN_BOOL_CONVERSION = YES;
				CLANG_WARN_COMMA = YES;
				CLANG_WARN_CONSTANT_CONVERSION = YES;
				CLANG_WARN_DEPRECATED_OBJC_IMPLEMENTATIONS = YES;
				CLANG_WARN_DIRECT_OBJC_ISA_USAGE = YES_ERROR;
				CLANG_WARN_DOCUMENTATION_COMMENTS = YES;
				CLANG_WARN_EMPTY_BODY = YES;
				CLANG_WARN_ENUM_CONVERSION = YES;
				CLANG_WARN_INFINITE_RECURSION = YES;
				CLANG_WARN_INT_CONVERSION = YES;
				CLANG_WARN_NON_LITERAL_NULL_CONVERSION = YES;
				CLANG_WARN_OBJC_IMPLICIT_RETAIN_SELF = YES;
				CLANG_WARN_OBJC_LITERAL_CONVERSION = YES;
				CLANG_WARN_OBJC_ROOT_CLASS = YES_ERROR;
				CLANG_WARN_QUOTED_INCLUDE_IN_FRAMEWORK_HEADER = YES;
				CLANG_WARN_RANGE_LOOP_ANALYSIS = YES;
				CLANG_WARN_STRICT_PROTOTYPES = YES;
				CLANG_WARN_SUSPICIOUS_MOVE = YES;
				CLANG_WARN_UNGUARDED_AVAILABILITY = YES_AGGRESSIVE;
				CLANG_WARN_UNREACHABLE_CODE = YES;
				CLANG_WARN__DUPLICATE_METHOD_MATCH = YES;
				COPY_PHASE_STRIP = NO;
				DEBUG_INFORMATION_FORMAT = "dwarf-with-dsym";
				DEVELOPMENT_TEAM = 7WFUJ69Z6B;
				ENABLE_NS_ASSERTIONS = NO;
				ENABLE_STRICT_OBJC_MSGSEND = YES;
				ENABLE_USER_SCRIPT_SANDBOXING = YES;
				GCC_C_LANGUAGE_STANDARD = gnu17;
				GCC_NO_COMMON_BLOCKS = YES;
				GCC_WARN_64_TO_32_BIT_CONVERSION = YES;
				GCC_WARN_ABOUT_RETURN_TYPE = YES_ERROR;
				GCC_WARN_UNDECLARED_SELECTOR = YES;
				GCC_WARN_UNINITIALIZED_AUTOS = YES_AGGRESSIVE;
				GCC_WARN_UNUSED_FUNCTION = YES;
				GCC_WARN_UNUSED_VARIABLE = YES;
				LOCALIZATION_PREFERS_STRING_CATALOGS = YES;
				MTL_ENABLE_DEBUG_INFO = NO;
				MTL_FAST_MATH = YES;
				SWIFT_COMPILATION_MODE = wholemodule;
			};
			name = Release;
		};
		7CA3B4472EC1E3AA00AED7E4 /* Debug */ = {
			isa = XCBuildConfiguration;
			buildSettings = {
				ASSETCATALOG_COMPILER_APPICON_NAME = AppIcon;
				ASSETCATALOG_COMPILER_GLOBAL_ACCENT_COLOR_NAME = AccentColor;
				CODE_SIGN_ENTITLEMENTS = CleanModules/CleanModules.entitlements;
				CODE_SIGN_STYLE = Automatic;
				CURRENT_PROJECT_VERSION = 1;
				DEVELOPMENT_TEAM = 7WFUJ69Z6B;
				ENABLE_HARDENED_RUNTIME = YES;
				ENABLE_PREVIEWS = YES;
				GENERATE_INFOPLIST_FILE = YES;
				"INFOPLIST_KEY_UIApplicationSceneManifest_Generation[sdk=iphoneos*]" = YES;
				"INFOPLIST_KEY_UIApplicationSceneManifest_Generation[sdk=iphonesimulator*]" = YES;
				"INFOPLIST_KEY_UIApplicationSupportsIndirectInputEvents[sdk=iphoneos*]" = YES;
				"INFOPLIST_KEY_UIApplicationSupportsIndirectInputEvents[sdk=iphonesimulator*]" = YES;
				"INFOPLIST_KEY_UILaunchScreen_Generation[sdk=iphoneos*]" = YES;
				"INFOPLIST_KEY_UILaunchScreen_Generation[sdk=iphonesimulator*]" = YES;
				"INFOPLIST_KEY_UIStatusBarStyle[sdk=iphoneos*]" = UIStatusBarStyleDefault;
				"INFOPLIST_KEY_UIStatusBarStyle[sdk=iphonesimulator*]" = UIStatusBarStyleDefault;
				INFOPLIST_KEY_UISupportedInterfaceOrientations_iPad = "UIInterfaceOrientationPortrait UIInterfaceOrientationPortraitUpsideDown UIInterfaceOrientationLandscapeLeft UIInterfaceOrientationLandscapeRight";
				INFOPLIST_KEY_UISupportedInterfaceOrientations_iPhone = "UIInterfaceOrientationPortrait UIInterfaceOrientationLandscapeLeft UIInterfaceOrientationLandscapeRight";
				IPHONEOS_DEPLOYMENT_TARGET = 18.5;
				LD_RUNPATH_SEARCH_PATHS = "@executable_path/Frameworks";
				"LD_RUNPATH_SEARCH_PATHS[sdk=macosx*]" = "@executable_path/../Frameworks";
				MACOSX_DEPLOYMENT_TARGET = 15.5;
				MARKETING_VERSION = 1.0;
				PRODUCT_BUNDLE_IDENTIFIER = jiguar.CleanModules;
				PRODUCT_NAME = "$(TARGET_NAME)";
				REGISTER_APP_GROUPS = YES;
				SDKROOT = auto;
				SUPPORTED_PLATFORMS = "iphoneos iphonesimulator macosx xros xrsimulator";
				SWIFT_EMIT_LOC_STRINGS = YES;
				SWIFT_VERSION = 5.0;
				TARGETED_DEVICE_FAMILY = "1,2,7";
				XROS_DEPLOYMENT_TARGET = 2.5;
			};
			name = Debug;
		};
		7CA3B4482EC1E3AA00AED7E4 /* Release */ = {
			isa = XCBuildConfiguration;
			buildSettings = {
				ASSETCATALOG_COMPILER_APPICON_NAME = AppIcon;
				ASSETCATALOG_COMPILER_GLOBAL_ACCENT_COLOR_NAME = AccentColor;
				CODE_SIGN_ENTITLEMENTS = CleanModules/CleanModules.entitlements;
				CODE_SIGN_STYLE = Automatic;
				CURRENT_PROJECT_VERSION = 1;
				DEVELOPMENT_TEAM = 7WFUJ69Z6B;
				ENABLE_HARDENED_RUNTIME = YES;
				ENABLE_PREVIEWS = YES;
				GENERATE_INFOPLIST_FILE = YES;
				"INFOPLIST_KEY_UIApplicationSceneManifest_Generation[sdk=iphoneos*]" = YES;
				"INFOPLIST_KEY_UIApplicationSceneManifest_Generation[sdk=iphonesimulator*]" = YES;
				"INFOPLIST_KEY_UIApplicationSupportsIndirectInputEvents[sdk=iphoneos*]" = YES;
				"INFOPLIST_KEY_UIApplicationSupportsIndirectInputEvents[sdk=iphonesimulator*]" = YES;
				"INFOPLIST_KEY_UILaunchScreen_Generation[sdk=iphoneos*]" = YES;
				"INFOPLIST_KEY_UILaunchScreen_Generation[sdk=iphonesimulator*]" = YES;
				"INFOPLIST_KEY_UIStatusBarStyle[sdk=iphoneos*]" = UIStatusBarStyleDefault;
				"INFOPLIST_KEY_UIStatusBarStyle[sdk=iphonesimulator*]" = UIStatusBarStyleDefault;
				INFOPLIST_KEY_UISupportedInterfaceOrientations_iPad = "UIInterfaceOrientationPortrait UIInterfaceOrientationPortraitUpsideDown UIInterfaceOrientationLandscapeLeft UIInterfaceOrientationLandscapeRight";
				INFOPLIST_KEY_UISupportedInterfaceOrientations_iPhone = "UIInterfaceOrientationPortrait UIInterfaceOrientationLandscapeLeft UIInterfaceOrientationLandscapeRight";
				IPHONEOS_DEPLOYMENT_TARGET = 18.5;
				LD_RUNPATH_SEARCH_PATHS = "@executable_path/Frameworks";
				"LD_RUNPATH_SEARCH_PATHS[sdk=macosx*]" = "@executable_path/../Frameworks";
				MACOSX_DEPLOYMENT_TARGET = 15.5;
				MARKETING_VERSION = 1.0;
				PRODUCT_BUNDLE_IDENTIFIER = jiguar.CleanModules;
				PRODUCT_NAME = "$(TARGET_NAME)";
				REGISTER_APP_GROUPS = YES;
				SDKROOT = auto;
				SUPPORTED_PLATFORMS = "iphoneos iphonesimulator macosx xros xrsimulator";
				SWIFT_EMIT_LOC_STRINGS = YES;
				SWIFT_VERSION = 5.0;
				TARGETED_DEVICE_FAMILY = "1,2,7";
				XROS_DEPLOYMENT_TARGET = 2.5;
			};
			name = Release;
		};
		7CA3B44A2EC1E3AA00AED7E4 /* Debug */ = {
			isa = XCBuildConfiguration;
			buildSettings = {
				BUNDLE_LOADER = "$(TEST_HOST)";
				CODE_SIGN_STYLE = Automatic;
				CURRENT_PROJECT_VERSION = 1;
				DEVELOPMENT_TEAM = 7WFUJ69Z6B;
				GENERATE_INFOPLIST_FILE = YES;
				IPHONEOS_DEPLOYMENT_TARGET = 18.5;
				MACOSX_DEPLOYMENT_TARGET = 15.5;
				MARKETING_VERSION = 1.0;
				PRODUCT_BUNDLE_IDENTIFIER = jiguar.CleanModulesTests;
				PRODUCT_NAME = "$(TARGET_NAME)";
				SDKROOT = auto;
				SUPPORTED_PLATFORMS = "iphoneos iphonesimulator macosx xros xrsimulator";
				SWIFT_EMIT_LOC_STRINGS = NO;
				SWIFT_VERSION = 5.0;
				TARGETED_DEVICE_FAMILY = "1,2,7";
				TEST_HOST = "$(BUILT_PRODUCTS_DIR)/CleanModules.app/$(BUNDLE_EXECUTABLE_FOLDER_PATH)/CleanModules";
				XROS_DEPLOYMENT_TARGET = 2.5;
			};
			name = Debug;
		};
		7CA3B44B2EC1E3AA00AED7E4 /* Release */ = {
			isa = XCBuildConfiguration;
			buildSettings = {
				BUNDLE_LOADER = "$(TEST_HOST)";
				CODE_SIGN_STYLE = Automatic;
				CURRENT_PROJECT_VERSION = 1;
				DEVELOPMENT_TEAM = 7WFUJ69Z6B;
				GENERATE_INFOPLIST_FILE = YES;
				IPHONEOS_DEPLOYMENT_TARGET = 18.5;
				MACOSX_DEPLOYMENT_TARGET = 15.5;
				MARKETING_VERSION = 1.0;
				PRODUCT_BUNDLE_IDENTIFIER = jiguar.CleanModulesTests;
				PRODUCT_NAME = "$(TARGET_NAME)";
				SDKROOT = auto;
				SUPPORTED_PLATFORMS = "iphoneos iphonesimulator macosx xros xrsimulator";
				SWIFT_EMIT_LOC_STRINGS = NO;
				SWIFT_VERSION = 5.0;
				TARGETED_DEVICE_FAMILY = "1,2,7";
				TEST_HOST = "$(BUILT_PRODUCTS_DIR)/CleanModules.app/$(BUNDLE_EXECUTABLE_FOLDER_PATH)/CleanModules";
				XROS_DEPLOYMENT_TARGET = 2.5;
			};
			name = Release;
		};
		7CA3B44D2EC1E3AA00AED7E4 /* Debug */ = {
			isa = XCBuildConfiguration;
			buildSettings = {
				CODE_SIGN_STYLE = Automatic;
				CURRENT_PROJECT_VERSION = 1;
				DEVELOPMENT_TEAM = 7WFUJ69Z6B;
				GENERATE_INFOPLIST_FILE = YES;
				IPHONEOS_DEPLOYMENT_TARGET = 18.5;
				MACOSX_DEPLOYMENT_TARGET = 15.5;
				MARKETING_VERSION = 1.0;
				PRODUCT_BUNDLE_IDENTIFIER = jiguar.CleanModulesUITests;
				PRODUCT_NAME = "$(TARGET_NAME)";
				SDKROOT = auto;
				SUPPORTED_PLATFORMS = "iphoneos iphonesimulator macosx xros xrsimulator";
				SWIFT_EMIT_LOC_STRINGS = NO;
				SWIFT_VERSION = 5.0;
				TARGETED_DEVICE_FAMILY = "1,2,7";
				TEST_TARGET_NAME = CleanModules;
				XROS_DEPLOYMENT_TARGET = 2.5;
			};
			name = Debug;
		};
		7CA3B44E2EC1E3AA00AED7E4 /* Release */ = {
			isa = XCBuildConfiguration;
			buildSettings = {
				CODE_SIGN_STYLE = Automatic;
				CURRENT_PROJECT_VERSION = 1;
				DEVELOPMENT_TEAM = 7WFUJ69Z6B;
				GENERATE_INFOPLIST_FILE = YES;
				IPHONEOS_DEPLOYMENT_TARGET = 18.5;
				MACOSX_DEPLOYMENT_TARGET = 15.5;
				MARKETING_VERSION = 1.0;
				PRODUCT_BUNDLE_IDENTIFIER = jiguar.CleanModulesUITests;
				PRODUCT_NAME = "$(TARGET_NAME)";
				SDKROOT = auto;
				SUPPORTED_PLATFORMS = "iphoneos iphonesimulator macosx xros xrsimulator";
				SWIFT_EMIT_LOC_STRINGS = NO;
				SWIFT_VERSION = 5.0;
				TARGETED_DEVICE_FAMILY = "1,2,7";
				TEST_TARGET_NAME = CleanModules;
				XROS_DEPLOYMENT_TARGET = 2.5;
			};
			name = Release;
		};
/* End XCBuildConfiguration section */

/* Begin XCConfigurationList section */
		7CA3B41F2EC1E3A900AED7E4 /* Build configuration list for PBXProject "CleanModules" */ = {
			isa = XCConfigurationList;
			buildConfigurations = (
				7CA3B4442EC1E3AA00AED7E4 /* Debug */,
				7CA3B4452EC1E3AA00AED7E4 /* Release */,
			);
			defaultConfigurationIsVisible = 0;
			defaultConfigurationName = Release;
		};
		7CA3B4462EC1E3AA00AED7E4 /* Build configuration list for PBXNativeTarget "CleanModules" */ = {
			isa = XCConfigurationList;
			buildConfigurations = (
				7CA3B4472EC1E3AA00AED7E4 /* Debug */,
				7CA3B4482EC1E3AA00AED7E4 /* Release */,
			);
			defaultConfigurationIsVisible = 0;
			defaultConfigurationName = Release;
		};
		7CA3B4492EC1E3AA00AED7E4 /* Build configuration list for PBXNativeTarget "CleanModulesTests" */ = {
			isa = XCConfigurationList;
			buildConfigurations = (
				7CA3B44A2EC1E3AA00AED7E4 /* Debug */,
				7CA3B44B2EC1E3AA00AED7E4 /* Release */,
			);
			defaultConfigurationIsVisible = 0;
			defaultConfigurationName = Release;
		};
		7CA3B44C2EC1E3AA00AED7E4 /* Build configuration list for PBXNativeTarget "CleanModulesUITests" */ = {
			isa = XCConfigurationList;
			buildConfigurations = (
				7CA3B44D2EC1E3AA00AED7E4 /* Debug */,
				7CA3B44E2EC1E3AA00AED7E4 /* Release */,
			);
			defaultConfigurationIsVisible = 0;
			defaultConfigurationName = Release;
		};
/* End XCConfigurationList section */

/* Begin XCLocalSwiftPackageReference section */
		7C9DE9D42EC6EC4F007A18F6 /* XCLocalSwiftPackageReference "../ModelsKit" */ = {
			isa = XCLocalSwiftPackageReference;
			relativePath = ../ModelsKit;
		};
		7CA3B45C2EC1E41F00AED7E4 /* XCLocalSwiftPackageReference "../SwiftAPIClient" */ = {
			isa = XCLocalSwiftPackageReference;
			relativePath = ../SwiftAPIClient;
		};
		7CA3B45F2EC1E43700AED7E4 /* XCLocalSwiftPackageReference "../DesignKit" */ = {
			isa = XCLocalSwiftPackageReference;
			relativePath = ../DesignKit;
		};
		7CA3B4652EC1E4A100AED7E4 /* XCLocalSwiftPackageReference "../LoginKit" */ = {
			isa = XCLocalSwiftPackageReference;
			relativePath = ../LoginKit;
		};
/* End XCLocalSwiftPackageReference section */

/* Begin XCSwiftPackageProductDependency section */
		7C9DE9D52EC6EC4F007A18F6 /* ModelsKit */ = {
			isa = XCSwiftPackageProductDependency;
			productName = ModelsKit;
		};
		7CA3B45D2EC1E41F00AED7E4 /* APIClient */ = {
			isa = XCSwiftPackageProductDependency;
			productName = APIClient;
		};
		7CA3B4602EC1E43700AED7E4 /* DesignKit */ = {
			isa = XCSwiftPackageProductDependency;
			productName = DesignKit;
		};
		7CA3B4632EC1E46000AED7E4 /* LoginKit */ = {
			isa = XCSwiftPackageProductDependency;
			productName = LoginKit;
		};
		7CA3B4662EC1E4A100AED7E4 /* LoginKit */ = {
			isa = XCSwiftPackageProductDependency;
			productName = LoginKit;
		};
/* End XCSwiftPackageProductDependency section */
	};
	rootObject = 7CA3B41C2EC1E3A900AED7E4 /* Project object */;
}
